
Microsoft Visual Studio Solution File, Format Version 12.00
# Visual Studio 2013
VisualStudioVersion = 12.0.21005.1
MinimumVisualStudioVersion = 10.0.40219.1
Project("{FAE04EC0-301F-11D3-BF4B-00C04F79EFBC}") = "TcpBulletinServer", "TcpBulletinServer\TcpBulletinServer.csproj", "{F121656A-8AF5-469F-AE5D-DC1A320B99A5}"
EndProject
Project("{FAE04EC0-301F-11D3-BF4B-00C04F79EFBC}") = "TcpBulletinClient", "TcpBulletinClient\TcpBulletinClient.csproj", "{37658926-3943-4CA6-8933-774B1980880C}"
EndProject
Global
	GlobalSection(SolutionConfigurationPlatforms) = preSolution
		Debug|Any CPU = Debug|Any CPU
		Release|Any CPU = Release|Any CPU
	EndGlobalSection
	GlobalSection(ProjectConfigurationPlatforms) = postSolution
		{F121656A-8AF5-469F-AE5D-DC1A320B99A5}.Debug|Any CPU.ActiveCfg = Debug|Any CPU
		{F121656A-8AF5-469F-AE5D-DC1A320B99A5}.Debug|Any CPU.Build.0 = Debug|Any CPU
		{F121656A-8AF5-469F-AE5D-DC1A320B99A5}.Release|Any CPU.ActiveCfg = Release|Any CPU
		{F121656A-8AF5-469F-AE5D-DC1A320B99A5}.Release|Any CPU.Build.0 = Release|Any CPU
		{37658926-3943-4CA6-8933-774B1980880C}.Debug|Any CPU.ActiveCfg = Debug|Any CPU
		{37658926-3943-4CA6-8933-774B1980880C}.Debug|Any CPU.Build.0 = Debug|Any CPU
		{37658926-3943-4CA6-8933-774B1980880C}.Release|Any CPU.ActiveCfg = Release|Any CPU
		{37658926-3943-4CA6-8933-774B1980880C}.Release|Any CPU.Build.0 = Release|Any CPU
	EndGlobalSection
	GlobalSection(SolutionProperties) = preSolution
		HideSolutionNode = FALSE
	EndGlobalSection
EndGlobal
